
Microsoft Visual Studio Solution File, Format Version 12.00
# Visual Studio 15
VisualStudioVersion = 15.0.27130.2036
MinimumVisualStudioVersion = 10.0.40219.1
Project("{FAE04EC0-301F-11D3-BF4B-00C04F79EFBC}") = "TrueSortBubble", "TrueSortBubble\TrueSortBubble.csproj", "{D9BC0F87-EC2B-4E91-9F6E-51C6C547EDCB}"
EndProject
Global
	GlobalSection(SolutionConfigurationPlatforms) = preSolution
		Debug|Any CPU = Debug|Any CPU
		Release|Any CPU = Release|Any CPU
	EndGlobalSection
	GlobalSection(ProjectConfigurationPlatforms) = postSolution
		{D9BC0F87-EC2B-4E91-9F6E-51C6C547EDCB}.Debug|Any CPU.ActiveCfg = Debug|Any CPU
		{D9BC0F87-EC2B-4E91-9F6E-51C6C547EDCB}.Debug|Any CPU.Build.0 = Debug|Any CPU
		{D9BC0F87-EC2B-4E91-9F6E-51C6C547EDCB}.Release|Any CPU.ActiveCfg = Release|Any CPU
		{D9BC0F87-EC2B-4E91-9F6E-51C6C547EDCB}.Release|Any CPU.Build.0 = Release|Any CPU
	EndGlobalSection
	GlobalSection(SolutionProperties) = preSolution
		HideSolutionNode = FALSE
	EndGlobalSection
	GlobalSection(ExtensibilityGlobals) = postSolution
		SolutionGuid = {9CFE8474-440B-439B-A231-041983570287}
	EndGlobalSection
EndGlobal
